// !$*UTF8*$!
{
	archiveVersion = 1;
	classes = {
	};
	objectVersion = 46;
	objects = {

/* Begin PBXBuildFile section */
		9D2F85311BE2752D00D609F1 /* AppDelegate.swift in Sources */ = {isa = PBXBuildFile; fileRef = 9D2F85301BE2752D00D609F1 /* AppDelegate.swift */; };
		9D2F85331BE2752D00D609F1 /* VKViewController.swift in Sources */ = {isa = PBXBuildFile; fileRef = 9D2F85321BE2752D00D609F1 /* VKViewController.swift */; };
		9D2F85361BE2752D00D609F1 /* Main.storyboard in Resources */ = {isa = PBXBuildFile; fileRef = 9D2F85341BE2752D00D609F1 /* Main.storyboard */; };
		9D2F85381BE2752D00D609F1 /* Assets.xcassets in Resources */ = {isa = PBXBuildFile; fileRef = 9D2F85371BE2752D00D609F1 /* Assets.xcassets */; };
		9D2F853B1BE2752D00D609F1 /* LaunchScreen.storyboard in Resources */ = {isa = PBXBuildFile; fileRef = 9D2F85391BE2752D00D609F1 /* LaunchScreen.storyboard */; };
		9D3B4F8B1C73C90600FC6D91 /* LogViewController.swift in Sources */ = {isa = PBXBuildFile; fileRef = 9D3B4F8A1C73C90600FC6D91 /* LogViewController.swift */; };
		C42B3A841C728DA3004989AE /* VKSdkFramework.framework in Frameworks */ = {isa = PBXBuildFile; fileRef = C42B3A831C728D82004989AE /* VKSdkFramework.framework */; };
		C42B3A851C728DA3004989AE /* VKSdkFramework.framework in Embed Frameworks */ = {isa = PBXBuildFile; fileRef = C42B3A831C728D82004989AE /* VKSdkFramework.framework */; settings = {ATTRIBUTES = (CodeSignOnCopy, RemoveHeadersOnCopy, ); }; };
/* End PBXBuildFile section */

/* Begin PBXContainerItemProxy section */
		C42B3A7E1C728D82004989AE /* PBXContainerItemProxy */ = {
			isa = PBXContainerItemProxy;
			containerPortal = C42B3A781C728D82004989AE /* VK-ios-sdk.xcodeproj */;
			proxyType = 2;
			remoteGlobalIDString = F3C7542D182133CC00964716;
			remoteInfo = VKSdk;
		};
		C42B3A801C728D82004989AE /* PBXContainerItemProxy */ = {
			isa = PBXContainerItemProxy;
			containerPortal = C42B3A781C728D82004989AE /* VK-ios-sdk.xcodeproj */;
			proxyType = 2;
			remoteGlobalIDString = F3BACC401865905B003158DA;
			remoteInfo = VKSdkResources;
		};
		C42B3A821C728D82004989AE /* PBXContainerItemProxy */ = {
			isa = PBXContainerItemProxy;
			containerPortal = C42B3A781C728D82004989AE /* VK-ios-sdk.xcodeproj */;
			proxyType = 2;
			remoteGlobalIDString = F34670311B8B7C5A003EF74B;
			remoteInfo = VKSdkFramework;
		};
		C42B3A861C728DA3004989AE /* PBXContainerItemProxy */ = {
			isa = PBXContainerItemProxy;
			containerPortal = C42B3A781C728D82004989AE /* VK-ios-sdk.xcodeproj */;
			proxyType = 1;
			remoteGlobalIDString = F34670301B8B7C5A003EF74B;
			remoteInfo = VKSdkFramework;
		};
/* End PBXContainerItemProxy section */

/* Begin PBXCopyFilesBuildPhase section */
		C42B3A881C728DA3004989AE /* Embed Frameworks */ = {
			isa = PBXCopyFilesBuildPhase;
			buildActionMask = 2147483647;
			dstPath = "";
			dstSubfolderSpec = 10;
			files = (
				C42B3A851C728DA3004989AE /* VKSdkFramework.framework in Embed Frameworks */,
			);
			name = "Embed Frameworks";
			runOnlyForDeploymentPostprocessing = 0;
		};
/* End PBXCopyFilesBuildPhase section */

/* Begin PBXFileReference section */
		9D2F852D1BE2752D00D609F1 /* VKMusic.app */ = {isa = PBXFileReference; explicitFileType = wrapper.application; includeInIndex = 0; path = VKMusic.app; sourceTree = BUILT_PRODUCTS_DIR; };
		9D2F85301BE2752D00D609F1 /* AppDelegate.swift */ = {isa = PBXFileReference; lastKnownFileType = sourcecode.swift; path = AppDelegate.swift; sourceTree = "<group>"; };
		9D2F85321BE2752D00D609F1 /* VKViewController.swift */ = {isa = PBXFileReference; lastKnownFileType = sourcecode.swift; path = VKViewController.swift; sourceTree = "<group>"; };
		9D2F85351BE2752D00D609F1 /* Base */ = {isa = PBXFileReference; lastKnownFileType = file.storyboard; name = Base; path = Base.lproj/Main.storyboard; sourceTree = "<group>"; };
		9D2F85371BE2752D00D609F1 /* Assets.xcassets */ = {isa = PBXFileReference; lastKnownFileType = folder.assetcatalog; path = Assets.xcassets; sourceTree = "<group>"; };
		9D2F853A1BE2752D00D609F1 /* Base */ = {isa = PBXFileReference; lastKnownFileType = file.storyboard; name = Base; path = Base.lproj/LaunchScreen.storyboard; sourceTree = "<group>"; };
		9D2F853C1BE2752D00D609F1 /* Info.plist */ = {isa = PBXFileReference; lastKnownFileType = text.plist.xml; path = Info.plist; sourceTree = "<group>"; };
		9D3B4F8A1C73C90600FC6D91 /* LogViewController.swift */ = {isa = PBXFileReference; fileEncoding = 4; lastKnownFileType = sourcecode.swift; path = LogViewController.swift; sourceTree = "<group>"; };
		C42B3A781C728D82004989AE /* VK-ios-sdk.xcodeproj */ = {isa = PBXFileReference; lastKnownFileType = "wrapper.pb-project"; name = "VK-ios-sdk.xcodeproj"; path = "vk-ios-sdk/VK-ios-sdk.xcodeproj"; sourceTree = SOURCE_ROOT; };
		C4FEAD251C7294E100A8D1DA /* VKMusic-Bridging-Header.h */ = {isa = PBXFileReference; fileEncoding = 4; lastKnownFileType = sourcecode.c.h; name = "VKMusic-Bridging-Header.h"; path = "VKMusic/VKMusic-Bridging-Header.h"; sourceTree = "<group>"; };
/* End PBXFileReference section */

/* Begin PBXFrameworksBuildPhase section */
		9D2F852A1BE2752D00D609F1 /* Frameworks */ = {
			isa = PBXFrameworksBuildPhase;
			buildActionMask = 2147483647;
			files = (
				C42B3A841C728DA3004989AE /* VKSdkFramework.framework in Frameworks */,
			);
			runOnlyForDeploymentPostprocessing = 0;
		};
/* End PBXFrameworksBuildPhase section */

/* Begin PBXGroup section */
		9D2F85241BE2752D00D609F1 = {
			isa = PBXGroup;
			children = (
				C4FEAD251C7294E100A8D1DA /* VKMusic-Bridging-Header.h */,
				9D2F852F1BE2752D00D609F1 /* VKMusic */,
				9D2F852E1BE2752D00D609F1 /* Products */,
			);
			sourceTree = "<group>";
		};
		9D2F852E1BE2752D00D609F1 /* Products */ = {
			isa = PBXGroup;
			children = (
				9D2F852D1BE2752D00D609F1 /* VKMusic.app */,
			);
			name = Products;
			sourceTree = "<group>";
		};
		9D2F852F1BE2752D00D609F1 /* VKMusic */ = {
			isa = PBXGroup;
			children = (
				C42B3A781C728D82004989AE /* VK-ios-sdk.xcodeproj */,
				9D2F85301BE2752D00D609F1 /* AppDelegate.swift */,
				9D2F85321BE2752D00D609F1 /* VKViewController.swift */,
				9D3B4F8A1C73C90600FC6D91 /* LogViewController.swift */,
				9D2F85341BE2752D00D609F1 /* Main.storyboard */,
				9D2F85371BE2752D00D609F1 /* Assets.xcassets */,
				9D2F85391BE2752D00D609F1 /* LaunchScreen.storyboard */,
				9D2F853C1BE2752D00D609F1 /* Info.plist */,
			);
			path = VKMusic;
			sourceTree = "<group>";
		};
		C42B3A791C728D82004989AE /* Products */ = {
			isa = PBXGroup;
			children = (
				C42B3A7F1C728D82004989AE /* libVKSdk.a */,
				C42B3A811C728D82004989AE /* VKSdkResources.bundle */,
				C42B3A831C728D82004989AE /* VKSdkFramework.framework */,
			);
			name = Products;
			sourceTree = "<group>";
		};
/* End PBXGroup section */

/* Begin PBXNativeTarget section */
		9D2F852C1BE2752D00D609F1 /* VKMusic */ = {
			isa = PBXNativeTarget;
			buildConfigurationList = 9D2F853F1BE2752D00D609F1 /* Build configuration list for PBXNativeTarget "VKMusic" */;
			buildPhases = (
				9D2F85291BE2752D00D609F1 /* Sources */,
				9D2F852A1BE2752D00D609F1 /* Frameworks */,
				9D2F852B1BE2752D00D609F1 /* Resources */,
				C42B3A881C728DA3004989AE /* Embed Frameworks */,
			);
			buildRules = (
			);
			dependencies = (
				C42B3A871C728DA3004989AE /* PBXTargetDependency */,
			);
			name = VKMusic;
			productName = VKMusic;
			productReference = 9D2F852D1BE2752D00D609F1 /* VKMusic.app */;
			productType = "com.apple.product-type.application";
		};
/* End PBXNativeTarget section */

/* Begin PBXProject section */
		9D2F85251BE2752D00D609F1 /* Project object */ = {
			isa = PBXProject;
			attributes = {
				LastSwiftUpdateCheck = 0710;
				LastUpgradeCheck = 0710;
				ORGANIZATIONNAME = "Yuriy Shilov";
				TargetAttributes = {
					9D2F852C1BE2752D00D609F1 = {
						CreatedOnToolsVersion = 7.1;
					};
				};
			};
			buildConfigurationList = 9D2F85281BE2752D00D609F1 /* Build configuration list for PBXProject "VKMusic" */;
			compatibilityVersion = "Xcode 3.2";
			developmentRegion = English;
			hasScannedForEncodings = 0;
			knownRegions = (
				en,
				Base,
			);
			mainGroup = 9D2F85241BE2752D00D609F1;
			productRefGroup = 9D2F852E1BE2752D00D609F1 /* Products */;
			projectDirPath = "";
			projectReferences = (
				{
					ProductGroup = C42B3A791C728D82004989AE /* Products */;
					ProjectRef = C42B3A781C728D82004989AE /* VK-ios-sdk.xcodeproj */;
				},
			);
			projectRoot = "";
			targets = (
				9D2F852C1BE2752D00D609F1 /* VKMusic */,
			);
		};
/* End PBXProject section */

/* Begin PBXReferenceProxy section */
		C42B3A7F1C728D82004989AE /* libVKSdk.a */ = {
			isa = PBXReferenceProxy;
			fileType = archive.ar;
			path = libVKSdk.a;
			remoteRef = C42B3A7E1C728D82004989AE /* PBXContainerItemProxy */;
			sourceTree = BUILT_PRODUCTS_DIR;
		};
		C42B3A811C728D82004989AE /* VKSdkResources.bundle */ = {
			isa = PBXReferenceProxy;
			fileType = wrapper.cfbundle;
			path = VKSdkResources.bundle;
			remoteRef = C42B3A801C728D82004989AE /* PBXContainerItemProxy */;
			sourceTree = BUILT_PRODUCTS_DIR;
		};
		C42B3A831C728D82004989AE /* VKSdkFramework.framework */ = {
			isa = PBXReferenceProxy;
			fileType = wrapper.framework;
			path = VKSdkFramework.framework;
			remoteRef = C42B3A821C728D82004989AE /* PBXContainerItemProxy */;
			sourceTree = BUILT_PRODUCTS_DIR;
		};
/* End PBXReferenceProxy section */

/* Begin PBXResourcesBuildPhase section */
		9D2F852B1BE2752D00D609F1 /* Resources */ = {
			isa = PBXResourcesBuildPhase;
			buildActionMask = 2147483647;
			files = (
				9D2F853B1BE2752D00D609F1 /* LaunchScreen.storyboard in Resources */,
				9D2F85381BE2752D00D609F1 /* Assets.xcassets in Resources */,
				9D2F85361BE2752D00D609F1 /* Main.storyboard in Resources */,
			);
			runOnlyForDeploymentPostprocessing = 0;
		};
/* End PBXResourcesBuildPhase section */

/* Begin PBXSourcesBuildPhase section */
		9D2F85291BE2752D00D609F1 /* Sources */ = {
			isa = PBXSourcesBuildPhase;
			buildActionMask = 2147483647;
			files = (
				9D3B4F8B1C73C90600FC6D91 /* LogViewController.swift in Sources */,
				9D2F85331BE2752D00D609F1 /* VKViewController.swift in Sources */,
				9D2F85311BE2752D00D609F1 /* AppDelegate.swift in Sources */,
			);
			runOnlyForDeploymentPostprocessing = 0;
		};
/* End PBXSourcesBuildPhase section */

/* Begin PBXTargetDependency section */
		C42B3A871C728DA3004989AE /* PBXTargetDependency */ = {
			isa = PBXTargetDependency;
			name = VKSdkFramework;
			targetProxy = C42B3A861C728DA3004989AE /* PBXContainerItemProxy */;
		};
/* End PBXTargetDependency section */

/* Begin PBXVariantGroup section */
		9D2F85341BE2752D00D609F1 /* Main.storyboard */ = {
			isa = PBXVariantGroup;
			children = (
				9D2F85351BE2752D00D609F1 /* Base */,
			);
			name = Main.storyboard;
			sourceTree = "<group>";
		};
		9D2F85391BE2752D00D609F1 /* LaunchScreen.storyboard */ = {
			isa = PBXVariantGroup;
			children = (
				9D2F853A1BE2752D00D609F1 /* Base */,
			);
			name = LaunchScreen.storyboard;
			sourceTree = "<group>";
		};
/* End PBXVariantGroup section */

/* Begin XCBuildConfiguration section */
		9D2F853D1BE2752D00D609F1 /* Debug */ = {
			isa = XCBuildConfiguration;
			buildSettings = {
				ALWAYS_SEARCH_USER_PATHS = NO;
				CLANG_CXX_LANGUAGE_STANDARD = "gnu++0x";
				CLANG_CXX_LIBRARY = "libc++";
				CLANG_ENABLE_MODULES = YES;
				CLANG_ENABLE_OBJC_ARC = YES;
				CLANG_WARN_BOOL_CONVERSION = YES;
				CLANG_WARN_CONSTANT_CONVERSION = YES;
				CLANG_WARN_DIRECT_OBJC_ISA_USAGE = YES_ERROR;
				CLANG_WARN_EMPTY_BODY = YES;
				CLANG_WARN_ENUM_CONVERSION = YES;
				CLANG_WARN_INT_CONVERSION = YES;
				CLANG_WARN_OBJC_ROOT_CLASS = YES_ERROR;
				CLANG_WARN_UNREACHABLE_CODE = YES;
				CLANG_WARN__DUPLICATE_METHOD_MATCH = YES;
				"CODE_SIGN_IDENTITY[sdk=iphoneos*]" = "iPhone Developer";
				COPY_PHASE_STRIP = NO;
				DEBUG_INFORMATION_FORMAT = dwarf;
				ENABLE_BITCODE = NO;
				ENABLE_STRICT_OBJC_MSGSEND = YES;
				ENABLE_TESTABILITY = YES;
				GCC_C_LANGUAGE_STANDARD = gnu99;
				GCC_DYNAMIC_NO_PIC = NO;
				GCC_NO_COMMON_BLOCKS = YES;
				GCC_OPTIMIZATION_LEVEL = 0;
				GCC_PREPROCESSOR_DEFINITIONS = (
					"DEBUG=1",
					"$(inherited)",
				);
				GCC_WARN_64_TO_32_BIT_CONVERSION = YES;
				GCC_WARN_ABOUT_RETURN_TYPE = YES_ERROR;
				GCC_WARN_UNDECLARED_SELECTOR = YES;
				GCC_WARN_UNINITIALIZED_AUTOS = YES_AGGRESSIVE;
				GCC_WARN_UNUSED_FUNCTION = YES;
				GCC_WARN_UNUSED_VARIABLE = YES;
				IPHONEOS_DEPLOYMENT_TARGET = 9.1;
				MTL_ENABLE_DEBUG_INFO = YES;
				ONLY_ACTIVE_ARCH = YES;
				OTHER_CFLAGS = "";
				SDKROOT = iphoneos;
				SWIFT_OPTIMIZATION_LEVEL = "-Onone";
				TARGETED_DEVICE_FAMILY = "1,2";
			};
			name = Debug;
		};
		9D2F853E1BE2752D00D609F1 /* Release */ = {
			isa = XCBuildConfiguration;
			buildSettings = {
				ALWAYS_SEARCH_USER_PATHS = NO;
				CLANG_CXX_LANGUAGE_STANDARD = "gnu++0x";
				CLANG_CXX_LIBRARY = "libc++";
				CLANG_ENABLE_MODULES = YES;
				CLANG_ENABLE_OBJC_ARC = YES;
				CLANG_WARN_BOOL_CONVERSION = YES;
				CLANG_WARN_CONSTANT_CONVERSION = YES;
				CLANG_WARN_DIRECT_OBJC_ISA_USAGE = YES_ERROR;
				CLANG_WARN_EMPTY_BODY = YES;
				CLANG_WARN_ENUM_CONVERSION = YES;
				CLANG_WARN_INT_CONVERSION = YES;
				CLANG_WARN_OBJC_ROOT_CLASS = YES_ERROR;
				CLANG_WARN_UNREACHABLE_CODE = YES;
				CLANG_WARN__DUPLICATE_METHOD_MATCH = YES;
				"CODE_SIGN_IDENTITY[sdk=iphoneos*]" = "iPhone Developer";
				COPY_PHASE_STRIP = NO;
				DEBUG_INFORMATION_FORMAT = "dwarf-with-dsym";
				ENABLE_BITCODE = NO;
				ENABLE_NS_ASSERTIONS = NO;
				ENABLE_STRICT_OBJC_MSGSEND = YES;
				GCC_C_LANGUAGE_STANDARD = gnu99;
				GCC_NO_COMMON_BLOCKS = YES;
				GCC_WARN_64_TO_32_BIT_CONVERSION = YES;
				GCC_WARN_ABOUT_RETURN_TYPE = YES_ERROR;
				GCC_WARN_UNDECLARED_SELECTOR = YES;
				GCC_WARN_UNINITIALIZED_AUTOS = YES_AGGRESSIVE;
				GCC_WARN_UNUSED_FUNCTION = YES;
				GCC_WARN_UNUSED_VARIABLE = YES;
				IPHONEOS_DEPLOYMENT_TARGET = 9.1;
				MTL_ENABLE_DEBUG_INFO = NO;
				OTHER_CFLAGS = "";
				SDKROOT = iphoneos;
				TARGETED_DEVICE_FAMILY = "1,2";
				VALIDATE_PRODUCT = YES;
			};
			name = Release;
		};
		9D2F85401BE2752D00D609F1 /* Debug */ = {
			isa = XCBuildConfiguration;
			buildSettings = {
				ASSETCATALOG_COMPILER_APPICON_NAME = AppIcon;
				CLANG_ENABLE_MODULES = YES;
				FRAMEWORK_SEARCH_PATHS = (
					"$(inherited)",
					"$(PROJECT_DIR)",
				);
				INFOPLIST_FILE = VKMusic/Info.plist;
				LD_RUNPATH_SEARCH_PATHS = "$(inherited) @executable_path/Frameworks";
				PRODUCT_BUNDLE_IDENTIFIER = edu.stanford.yshilov.VKMusic;
				PRODUCT_NAME = "$(TARGET_NAME)";
				SWIFT_OBJC_BRIDGING_HEADER = "VKMusic/VKMusic-Bridging-Header.h";
				SWIFT_OPTIMIZATION_LEVEL = "-Onone";
			};
			name = Debug;
		};
		9D2F85411BE2752D00D609F1 /* Release */ = {
			isa = XCBuildConfiguration;
			buildSettings = {
				ASSETCATALOG_COMPILER_APPICON_NAME = AppIcon;
				CLANG_ENABLE_MODULES = YES;
				FRAMEWORK_SEARCH_PATHS = (
					"$(inherited)",
					"$(PROJECT_DIR)",
				);
				INFOPLIST_FILE = VKMusic/Info.plist;
				LD_RUNPATH_SEARCH_PATHS = "$(inherited) @executable_path/Frameworks";
				PRODUCT_BUNDLE_IDENTIFIER = edu.stanford.yshilov.VKMusic;
				PRODUCT_NAME = "$(TARGET_NAME)";
				SWIFT_OBJC_BRIDGING_HEADER = "VKMusic/VKMusic-Bridging-Header.h";
			};
			name = Release;
		};
/* End XCBuildConfiguration section */

/* Begin XCConfigurationList section */
		9D2F85281BE2752D00D609F1 /* Build configuration list for PBXProject "VKMusic" */ = {
			isa = XCConfigurationList;
			buildConfigurations = (
				9D2F853D1BE2752D00D609F1 /* Debug */,
				9D2F853E1BE2752D00D609F1 /* Release */,
			);
			defaultConfigurationIsVisible = 0;
			defaultConfigurationName = Release;
		};
		9D2F853F1BE2752D00D609F1 /* Build configuration list for PBXNativeTarget "VKMusic" */ = {
			isa = XCConfigurationList;
			buildConfigurations = (
				9D2F85401BE2752D00D609F1 /* Debug */,
				9D2F85411BE2752D00D609F1 /* Release */,
			);
			defaultConfigurationIsVisible = 0;
			defaultConfigurationName = Release;
		};
/* End XCConfigurationList section */
	};
	rootObject = 9D2F85251BE2752D00D609F1 /* Project object */;
}
